# THIS IS AN AUTOGENERATED FILE. DO NOT EDIT THIS FILE DIRECTLY.
# yarn lockfile v1


use-redux@^2.2.1:
  version "2.2.1"
  resolved "https://registry.yarnpkg.com/use-redux/-/use-redux-2.2.1.tgz#6be98d479cefd55d850fdb74afcb8d09d9b14119"
  integrity sha512-6oCek3dcd6Z11+TGLZO5GVUmZ4cODKwfOPWJCAOpx5lucm1TZ2MY2YEg3yd37wLCwdl6qMxX/4v16Im5KlyH6A==
